// !$*UTF8*$!
{
	archiveVersion = 1;
	classes = {
	};
	objectVersion = 46;
	objects = {

/* Begin PBXBuildFile section */
		261E39751F2337B3005DAC6F /* AppDelegate.swift in Sources */ = {isa = PBXBuildFile; fileRef = 261E39741F2337B3005DAC6F /* AppDelegate.swift */; };
		261E39771F2337B3005DAC6F /* ViewController.swift in Sources */ = {isa = PBXBuildFile; fileRef = 261E39761F2337B3005DAC6F /* ViewController.swift */; };
		261E397A1F2337B3005DAC6F /* Main.storyboard in Resources */ = {isa = PBXBuildFile; fileRef = 261E39781F2337B3005DAC6F /* Main.storyboard */; };
		261E397C1F2337B3005DAC6F /* Assets.xcassets in Resources */ = {isa = PBXBuildFile; fileRef = 261E397B1F2337B3005DAC6F /* Assets.xcassets */; };
		261E397F1F2337B3005DAC6F /* LaunchScreen.storyboard in Resources */ = {isa = PBXBuildFile; fileRef = 261E397D1F2337B3005DAC6F /* LaunchScreen.storyboard */; };
/* End PBXBuildFile section */

/* Begin PBXFileReference section */
		261E39711F2337B3005DAC6F /* CompanyApp.app */ = {isa = PBXFileReference; explicitFileType = wrapper.application; includeInIndex = 0; path = CompanyApp.app; sourceTree = BUILT_PRODUCTS_DIR; };
		261E39741F2337B3005DAC6F /* AppDelegate.swift */ = {isa = PBXFileReference; lastKnownFileType = sourcecode.swift; path = AppDelegate.swift; sourceTree = "<group>"; };
		261E39761F2337B3005DAC6F /* ViewController.swift */ = {isa = PBXFileReference; lastKnownFileType = sourcecode.swift; path = ViewController.swift; sourceTree = "<group>"; };
		261E39791F2337B3005DAC6F /* Base */ = {isa = PBXFileReference; lastKnownFileType = file.storyboard; name = Base; path = Base.lproj/Main.storyboard; sourceTree = "<group>"; };
		261E397B1F2337B3005DAC6F /* Assets.xcassets */ = {isa = PBXFileReference; lastKnownFileType = folder.assetcatalog; path = Assets.xcassets; sourceTree = "<group>"; };
		261E397E1F2337B3005DAC6F /* Base */ = {isa = PBXFileReference; lastKnownFileType = file.storyboard; name = Base; path = Base.lproj/LaunchScreen.storyboard; sourceTree = "<group>"; };
		261E39801F2337B3005DAC6F /* Info.plist */ = {isa = PBXFileReference; lastKnownFileType = text.plist.xml; path = Info.plist; sourceTree = "<group>"; };
/* End PBXFileReference section */

/* Begin PBXFrameworksBuildPhase section */
		261E396E1F2337B3005DAC6F /* Frameworks */ = {
			isa = PBXFrameworksBuildPhase;
			buildActionMask = 2147483647;
			files = (
			);
			runOnlyForDeploymentPostprocessing = 0;
		};
/* End PBXFrameworksBuildPhase section */

/* Begin PBXGroup section */
		261E39681F2337B3005DAC6F = {
			isa = PBXGroup;
			children = (
				261E39731F2337B3005DAC6F /* CompanyApp */,
				261E39721F2337B3005DAC6F /* Products */,
			);
			sourceTree = "<group>";
		};
		261E39721F2337B3005DAC6F /* Products */ = {
			isa = PBXGroup;
			children = (
				261E39711F2337B3005DAC6F /* CompanyApp.app */,
			);
			name = Products;
			sourceTree = "<group>";
		};
		261E39731F2337B3005DAC6F /* CompanyApp */ = {
			isa = PBXGroup;
			children = (
				261E39741F2337B3005DAC6F /* AppDelegate.swift */,
				261E39761F2337B3005DAC6F /* ViewController.swift */,
				261E39781F2337B3005DAC6F /* Main.storyboard */,
				261E397B1F2337B3005DAC6F /* Assets.xcassets */,
				261E397D1F2337B3005DAC6F /* LaunchScreen.storyboard */,
				261E39801F2337B3005DAC6F /* Info.plist */,
			);
			path = CompanyApp;
			sourceTree = "<group>";
		};
/* End PBXGroup section */

/* Begin PBXNativeTarget section */
		261E39701F2337B3005DAC6F /* CompanyApp */ = {
			isa = PBXNativeTarget;
			buildConfigurationList = 261E39831F2337B3005DAC6F /* Build configuration list for PBXNativeTarget "CompanyApp" */;
			buildPhases = (
				261E396D1F2337B3005DAC6F /* Sources */,
				261E396E1F2337B3005DAC6F /* Frameworks */,
				261E396F1F2337B3005DAC6F /* Resources */,
			);
			buildRules = (
			);
			dependencies = (
			);
			name = CompanyApp;
			productName = CompanyApp;
			productReference = 261E39711F2337B3005DAC6F /* CompanyApp.app */;
			productType = "com.apple.product-type.application";
		};
/* End PBXNativeTarget section */

/* Begin PBXProject section */
		261E39691F2337B3005DAC6F /* Project object */ = {
			isa = PBXProject;
			attributes = {
				LastSwiftUpdateCheck = 0830;
				LastUpgradeCheck = 0830;
				ORGANIZATIONNAME = Hajora;
				TargetAttributes = {
					261E39701F2337B3005DAC6F = {
						CreatedOnToolsVersion = 8.3.3;
						DevelopmentTeam = JBKZ5A8R37;
						ProvisioningStyle = Automatic;
					};
				};
			};
			buildConfigurationList = 261E396C1F2337B3005DAC6F /* Build configuration list for PBXProject "CompanyApp" */;
			compatibilityVersion = "Xcode 3.2";
			developmentRegion = English;
			hasScannedForEncodings = 0;
			knownRegions = (
				en,
				Base,
			);
			mainGroup = 261E39681F2337B3005DAC6F;
			productRefGroup = 261E39721F2337B3005DAC6F /* Products */;
			projectDirPath = "";
			projectRoot = "";
			targets = (
				261E39701F2337B3005DAC6F /* CompanyApp */,
			);
		};
/* End PBXProject section */

/* Begin PBXResourcesBuildPhase section */
		261E396F1F2337B3005DAC6F /* Resources */ = {
			isa = PBXResourcesBuildPhase;
			buildActionMask = 2147483647;
			files = (
				261E397F1F2337B3005DAC6F /* LaunchScreen.storyboard in Resources */,
				261E397C1F2337B3005DAC6F /* Assets.xcassets in Resources */,
				261E397A1F2337B3005DAC6F /* Main.storyboard in Resources */,
			);
			runOnlyForDeploymentPostprocessing = 0;
		};
/* End PBXResourcesBuildPhase section */

/* Begin PBXSourcesBuildPhase section */
		261E396D1F2337B3005DAC6F /* Sources */ = {
			isa = PBXSourcesBuildPhase;
			buildActionMask = 2147483647;
			files = (
				261E39771F2337B3005DAC6F /* ViewController.swift in Sources */,
				261E39751F2337B3005DAC6F /* AppDelegate.swift in Sources */,
			);
			runOnlyForDeploymentPostprocessing = 0;
		};
/* End PBXSourcesBuildPhase section */

/* Begin PBXVariantGroup section */
		261E39781F2337B3005DAC6F /* Main.storyboard */ = {
			isa = PBXVariantGroup;
			children = (
				261E39791F2337B3005DAC6F /* Base */,
			);
			name = Main.storyboard;
			sourceTree = "<group>";
		};
		261E397D1F2337B3005DAC6F /* LaunchScreen.storyboard */ = {
			isa = PBXVariantGroup;
			children = (
				261E397E1F2337B3005DAC6F /* Base */,
			);
			name = LaunchScreen.storyboard;
			sourceTree = "<group>";
		};
/* End PBXVariantGroup section */

/* Begin XCBuildConfiguration section */
		261E39811F2337B3005DAC6F /* Debug */ = {
			isa = XCBuildConfiguration;
			buildSettings = {
				ALWAYS_SEARCH_USER_PATHS = NO;
				CLANG_ANALYZER_NONNULL = YES;
				CLANG_ANALYZER_NUMBER_OBJECT_CONVERSION = YES_AGGRESSIVE;
				CLANG_CXX_LANGUAGE_STANDARD = "gnu++0x";
				CLANG_CXX_LIBRARY = "libc++";
				CLANG_ENABLE_MODULES = YES;
				CLANG_ENABLE_OBJC_ARC = YES;
				CLANG_WARN_BOOL_CONVERSION = YES;
				CLANG_WARN_CONSTANT_CONVERSION = YES;
				CLANG_WARN_DIRECT_OBJC_ISA_USAGE = YES_ERROR;
				CLANG_WARN_DOCUMENTATION_COMMENTS = YES;
				CLANG_WARN_EMPTY_BODY = YES;
				CLANG_WARN_ENUM_CONVERSION = YES;
				CLANG_WARN_INFINITE_RECURSION = YES;
				CLANG_WARN_INT_CONVERSION = YES;
				CLANG_WARN_OBJC_ROOT_CLASS = YES_ERROR;
				CLANG_WARN_SUSPICIOUS_MOVE = YES;
				CLANG_WARN_UNREACHABLE_CODE = YES;
				CLANG_WARN__DUPLICATE_METHOD_MATCH = YES;
				"CODE_SIGN_IDENTITY[sdk=iphoneos*]" = "iPhone Developer";
				COPY_PHASE_STRIP = NO;
				DEBUG_INFORMATION_FORMAT = dwarf;
				ENABLE_STRICT_OBJC_MSGSEND = YES;
				ENABLE_TESTABILITY = YES;
				GCC_C_LANGUAGE_STANDARD = gnu99;
				GCC_DYNAMIC_NO_PIC = NO;
				GCC_NO_COMMON_BLOCKS = YES;
				GCC_OPTIMIZATION_LEVEL = 0;
				GCC_PREPROCESSOR_DEFINITIONS = (
					"DEBUG=1",
					"$(inherited)",
				);
				GCC_WARN_64_TO_32_BIT_CONVERSION = YES;
				GCC_WARN_ABOUT_RETURN_TYPE = YES_ERROR;
				GCC_WARN_UNDECLARED_SELECTOR = YES;
				GCC_WARN_UNINITIALIZED_AUTOS = YES_AGGRESSIVE;
				GCC_WARN_UNUSED_FUNCTION = YES;
				GCC_WARN_UNUSED_VARIABLE = YES;
				IPHONEOS_DEPLOYMENT_TARGET = 10.3;
				MTL_ENABLE_DEBUG_INFO = YES;
				ONLY_ACTIVE_ARCH = YES;
				SDKROOT = iphoneos;
				SWIFT_ACTIVE_COMPILATION_CONDITIONS = DEBUG;
				SWIFT_OPTIMIZATION_LEVEL = "-Onone";
				TARGETED_DEVICE_FAMILY = "1,2";
			};
			name = Debug;
		};
		261E39821F2337B3005DAC6F /* Release */ = {
			isa = XCBuildConfiguration;
			buildSettings = {
				ALWAYS_SEARCH_USER_PATHS = NO;
				CLANG_ANALYZER_NONNULL = YES;
				CLANG_ANALYZER_NUMBER_OBJECT_CONVERSION = YES_AGGRESSIVE;
				CLANG_CXX_LANGUAGE_STANDARD = "gnu++0x";
				CLANG_CXX_LIBRARY = "libc++";
				CLANG_ENABLE_MODULES = YES;
				CLANG_ENABLE_OBJC_ARC = YES;
				CLANG_WARN_BOOL_CONVERSION = YES;
				CLANG_WARN_CONSTANT_CONVERSION = YES;
				CLANG_WARN_DIRECT_OBJC_ISA_USAGE = YES_ERROR;
				CLANG_WARN_DOCUMENTATION_COMMENTS = YES;
				CLANG_WARN_EMPTY_BODY = YES;
				CLANG_WARN_ENUM_CONVERSION = YES;
				CLANG_WARN_INFINITE_RECURSION = YES;
				CLANG_WARN_INT_CONVERSION = YES;
				CLANG_WARN_OBJC_ROOT_CLASS = YES_ERROR;
				CLANG_WARN_SUSPICIOUS_MOVE = YES;
				CLANG_WARN_UNREACHABLE_CODE = YES;
				CLANG_WARN__DUPLICATE_METHOD_MATCH = YES;
				"CODE_SIGN_IDENTITY[sdk=iphoneos*]" = "iPhone Developer";
				COPY_PHASE_STRIP = NO;
				DEBUG_INFORMATION_FORMAT = "dwarf-with-dsym";
				ENABLE_NS_ASSERTIONS = NO;
				ENABLE_STRICT_OBJC_MSGSEND = YES;
				GCC_C_LANGUAGE_STANDARD = gnu99;
				GCC_NO_COMMON_BLOCKS = YES;
				GCC_WARN_64_TO_32_BIT_CONVERSION = YES;
				GCC_WARN_ABOUT_RETURN_TYPE = YES_ERROR;
				GCC_WARN_UNDECLARED_SELECTOR = YES;
				GCC_WARN_UNINITIALIZED_AUTOS = YES_AGGRESSIVE;
				GCC_WARN_UNUSED_FUNCTION = YES;
				GCC_WARN_UNUSED_VARIABLE = YES;
				IPHONEOS_DEPLOYMENT_TARGET = 10.3;
				MTL_ENABLE_DEBUG_INFO = NO;
				SDKROOT = iphoneos;
				SWIFT_OPTIMIZATION_LEVEL = "-Owholemodule";
				TARGETED_DEVICE_FAMILY = "1,2";
				VALIDATE_PRODUCT = YES;
			};
			name = Release;
		};
		261E39841F2337B3005DAC6F /* Debug */ = {
			isa = XCBuildConfiguration;
			buildSettings = {
				ASSETCATALOG_COMPILER_APPICON_NAME = AppIcon;
				DEVELOPMENT_TEAM = JBKZ5A8R37;
				INFOPLIST_FILE = CompanyApp/Info.plist;
				LD_RUNPATH_SEARCH_PATHS = "$(inherited) @executable_path/Frameworks";
				PRODUCT_BUNDLE_IDENTIFIER = com.hajora.CompanyApp;
				PRODUCT_NAME = "$(TARGET_NAME)";
				SWIFT_VERSION = 3.0;
			};
			name = Debug;
		};
		261E39851F2337B3005DAC6F /* Release */ = {
			isa = XCBuildConfiguration;
			buildSettings = {
				ASSETCATALOG_COMPILER_APPICON_NAME = AppIcon;
				DEVELOPMENT_TEAM = JBKZ5A8R37;
				INFOPLIST_FILE = CompanyApp/Info.plist;
				LD_RUNPATH_SEARCH_PATHS = "$(inherited) @executable_path/Frameworks";
				PRODUCT_BUNDLE_IDENTIFIER = com.hajora.CompanyApp;
				PRODUCT_NAME = "$(TARGET_NAME)";
				SWIFT_VERSION = 3.0;
			};
			name = Release;
		};
/* End XCBuildConfiguration section */

/* Begin XCConfigurationList section */
		261E396C1F2337B3005DAC6F /* Build configuration list for PBXProject "CompanyApp" */ = {
			isa = XCConfigurationList;
			buildConfigurations = (
				261E39811F2337B3005DAC6F /* Debug */,
				261E39821F2337B3005DAC6F /* Release */,
			);
			defaultConfigurationIsVisible = 0;
			defaultConfigurationName = Release;
		};
		261E39831F2337B3005DAC6F /* Build configuration list for PBXNativeTarget "CompanyApp" */ = {
			isa = XCConfigurationList;
			buildConfigurations = (
				261E39841F2337B3005DAC6F /* Debug */,
				261E39851F2337B3005DAC6F /* Release */,
			);
			defaultConfigurationIsVisible = 0;
		};
/* End XCConfigurationList section */
	};
	rootObject = 261E39691F2337B3005DAC6F /* Project object */;
}
