// !$*UTF8*$!
{
	archiveVersion = 1;
	classes = {
	};
	objectVersion = 46;
	objects = {

/* Begin PBXBuildFile section */
		261E39751F2337B3005DAC6F /* AppDelegate.swift in Sources */ = {isa = PBXBuildFile; fileRef = 261E39741F2337B3005DAC6F /* AppDelegate.swift */; };
		261E39771F2337B3005DAC6F /* MainVC.swift in Sources */ = {isa = PBXBuildFile; fileRef = 261E39761F2337B3005DAC6F /* MainVC.swift */; };
		261E397A1F2337B3005DAC6F /* Main.storyboard in Resources */ = {isa = PBXBuildFile; fileRef = 261E39781F2337B3005DAC6F /* Main.storyboard */; };
		261E397C1F2337B3005DAC6F /* Assets.xcassets in Resources */ = {isa = PBXBuildFile; fileRef = 261E397B1F2337B3005DAC6F /* Assets.xcassets */; };
		261E397F1F2337B3005DAC6F /* LaunchScreen.storyboard in Resources */ = {isa = PBXBuildFile; fileRef = 261E397D1F2337B3005DAC6F /* LaunchScreen.storyboard */; };
		265048D01F236B81008F47D5 /* AboutUsCell.swift in Sources */ = {isa = PBXBuildFile; fileRef = 265048CF1F236B81008F47D5 /* AboutUsCell.swift */; };
		265048D21F236BCD008F47D5 /* AboutUsVC.swift in Sources */ = {isa = PBXBuildFile; fileRef = 265048D11F236BCD008F47D5 /* AboutUsVC.swift */; };
		265048D41F236C1F008F47D5 /* AboutUsFile.swift in Sources */ = {isa = PBXBuildFile; fileRef = 265048D31F236C1F008F47D5 /* AboutUsFile.swift */; };
		265048D61F24CE0F008F47D5 /* AboutUsDetailsVC.swift in Sources */ = {isa = PBXBuildFile; fileRef = 265048D51F24CE0F008F47D5 /* AboutUsDetailsVC.swift */; };
		26595DA81F25D19E0031A0BC /* NewsCell.swift in Sources */ = {isa = PBXBuildFile; fileRef = 26595DA71F25D19E0031A0BC /* NewsCell.swift */; };
		26595DAA1F25D1DB0031A0BC /* NewsTVC.swift in Sources */ = {isa = PBXBuildFile; fileRef = 26595DA91F25D1DB0031A0BC /* NewsTVC.swift */; };
		26595DAC1F25D8E20031A0BC /* NewsDetailsVC.swift in Sources */ = {isa = PBXBuildFile; fileRef = 26595DAB1F25D8E20031A0BC /* NewsDetailsVC.swift */; };
		26595DAE1F2619DD0031A0BC /* OurWorkTVC.swift in Sources */ = {isa = PBXBuildFile; fileRef = 26595DAD1F2619DD0031A0BC /* OurWorkTVC.swift */; };
		26595DB01F261C330031A0BC /* OurWorkCell.swift in Sources */ = {isa = PBXBuildFile; fileRef = 26595DAF1F261C330031A0BC /* OurWorkCell.swift */; };
		26595DB21F2628F40031A0BC /* OurWorkDetailsVC.swift in Sources */ = {isa = PBXBuildFile; fileRef = 26595DB11F2628F40031A0BC /* OurWorkDetailsVC.swift */; };
		26767EA91F23460400F0C013 /* CallUs.swift in Sources */ = {isa = PBXBuildFile; fileRef = 26767EA81F23460400F0C013 /* CallUs.swift */; };
		26767EAB1F234A5500F0C013 /* GoogleService-Info.plist in Resources */ = {isa = PBXBuildFile; fileRef = 26767EAA1F234A5500F0C013 /* GoogleService-Info.plist */; };
		26AC34581F38CE4900249554 /* OurWorkFile.swift in Sources */ = {isa = PBXBuildFile; fileRef = 26AC34571F38CE4900249554 /* OurWorkFile.swift */; };
		26AC345B1F38D2F000249554 /* Constants.swift in Sources */ = {isa = PBXBuildFile; fileRef = 26AC345A1F38D2F000249554 /* Constants.swift */; };
		26C623781F349A9C007C9427 /* TestLogo#1.png in Resources */ = {isa = PBXBuildFile; fileRef = 26C623761F349A9C007C9427 /* TestLogo#1.png */; };
		26C623791F349A9C007C9427 /* TestMap.png in Resources */ = {isa = PBXBuildFile; fileRef = 26C623771F349A9C007C9427 /* TestMap.png */; };
		26C6237B1F34AB88007C9427 /* OurHistoryVC.swift in Sources */ = {isa = PBXBuildFile; fileRef = 26C6237A1F34AB88007C9427 /* OurHistoryVC.swift */; };
		26C6237D1F34ACA1007C9427 /* OurVisionVC.swift in Sources */ = {isa = PBXBuildFile; fileRef = 26C6237C1F34ACA1007C9427 /* OurVisionVC.swift */; };
		26C6237F1F34AD3A007C9427 /* OurPartnersCollectionVC.swift in Sources */ = {isa = PBXBuildFile; fileRef = 26C6237E1F34AD3A007C9427 /* OurPartnersCollectionVC.swift */; };
		26C623871F34BEC7007C9427 /* OurPartnersCell.swift in Sources */ = {isa = PBXBuildFile; fileRef = 26C623861F34BEC7007C9427 /* OurPartnersCell.swift */; };
		26CD76691F33577100ECE530 /* ContactVC.swift in Sources */ = {isa = PBXBuildFile; fileRef = 26CD76681F33577100ECE530 /* ContactVC.swift */; };
		26CD766B1F3357F500ECE530 /* SendQuestionVC.swift in Sources */ = {isa = PBXBuildFile; fileRef = 26CD766A1F3357F500ECE530 /* SendQuestionVC.swift */; };
		6EBC0B5DA0DCB4558813BD97 /* Pods_CompanyApp.framework in Frameworks */ = {isa = PBXBuildFile; fileRef = 21D93E16905500D2AFF4EDD2 /* Pods_CompanyApp.framework */; };
/* End PBXBuildFile section */

/* Begin PBXFileReference section */
		21D93E16905500D2AFF4EDD2 /* Pods_CompanyApp.framework */ = {isa = PBXFileReference; explicitFileType = wrapper.framework; includeInIndex = 0; path = Pods_CompanyApp.framework; sourceTree = BUILT_PRODUCTS_DIR; };
		261E39711F2337B3005DAC6F /* CompanyApp.app */ = {isa = PBXFileReference; explicitFileType = wrapper.application; includeInIndex = 0; path = CompanyApp.app; sourceTree = BUILT_PRODUCTS_DIR; };
		261E39741F2337B3005DAC6F /* AppDelegate.swift */ = {isa = PBXFileReference; lastKnownFileType = sourcecode.swift; path = AppDelegate.swift; sourceTree = "<group>"; };
		261E39761F2337B3005DAC6F /* MainVC.swift */ = {isa = PBXFileReference; lastKnownFileType = sourcecode.swift; path = MainVC.swift; sourceTree = "<group>"; };
		261E39791F2337B3005DAC6F /* Base */ = {isa = PBXFileReference; lastKnownFileType = file.storyboard; name = Base; path = Base.lproj/Main.storyboard; sourceTree = "<group>"; };
		261E397B1F2337B3005DAC6F /* Assets.xcassets */ = {isa = PBXFileReference; lastKnownFileType = folder.assetcatalog; path = Assets.xcassets; sourceTree = "<group>"; };
		261E397E1F2337B3005DAC6F /* Base */ = {isa = PBXFileReference; lastKnownFileType = file.storyboard; name = Base; path = Base.lproj/LaunchScreen.storyboard; sourceTree = "<group>"; };
		261E39801F2337B3005DAC6F /* Info.plist */ = {isa = PBXFileReference; lastKnownFileType = text.plist.xml; path = Info.plist; sourceTree = "<group>"; };
		265048CF1F236B81008F47D5 /* AboutUsCell.swift */ = {isa = PBXFileReference; fileEncoding = 4; lastKnownFileType = sourcecode.swift; path = AboutUsCell.swift; sourceTree = "<group>"; };
		265048D11F236BCD008F47D5 /* AboutUsVC.swift */ = {isa = PBXFileReference; fileEncoding = 4; lastKnownFileType = sourcecode.swift; path = AboutUsVC.swift; sourceTree = "<group>"; };
		265048D31F236C1F008F47D5 /* AboutUsFile.swift */ = {isa = PBXFileReference; fileEncoding = 4; lastKnownFileType = sourcecode.swift; path = AboutUsFile.swift; sourceTree = "<group>"; };
		265048D51F24CE0F008F47D5 /* AboutUsDetailsVC.swift */ = {isa = PBXFileReference; fileEncoding = 4; lastKnownFileType = sourcecode.swift; path = AboutUsDetailsVC.swift; sourceTree = "<group>"; };
		26595DA71F25D19E0031A0BC /* NewsCell.swift */ = {isa = PBXFileReference; fileEncoding = 4; lastKnownFileType = sourcecode.swift; path = NewsCell.swift; sourceTree = "<group>"; };
		26595DA91F25D1DB0031A0BC /* NewsTVC.swift */ = {isa = PBXFileReference; fileEncoding = 4; lastKnownFileType = sourcecode.swift; path = NewsTVC.swift; sourceTree = "<group>"; };
		26595DAB1F25D8E20031A0BC /* NewsDetailsVC.swift */ = {isa = PBXFileReference; fileEncoding = 4; lastKnownFileType = sourcecode.swift; path = NewsDetailsVC.swift; sourceTree = "<group>"; };
		26595DAD1F2619DD0031A0BC /* OurWorkTVC.swift */ = {isa = PBXFileReference; fileEncoding = 4; lastKnownFileType = sourcecode.swift; path = OurWorkTVC.swift; sourceTree = "<group>"; };
		26595DAF1F261C330031A0BC /* OurWorkCell.swift */ = {isa = PBXFileReference; fileEncoding = 4; lastKnownFileType = sourcecode.swift; path = OurWorkCell.swift; sourceTree = "<group>"; };
		26595DB11F2628F40031A0BC /* OurWorkDetailsVC.swift */ = {isa = PBXFileReference; fileEncoding = 4; lastKnownFileType = sourcecode.swift; path = OurWorkDetailsVC.swift; sourceTree = "<group>"; };
		26767EA81F23460400F0C013 /* CallUs.swift */ = {isa = PBXFileReference; fileEncoding = 4; lastKnownFileType = sourcecode.swift; path = CallUs.swift; sourceTree = "<group>"; };
		26767EAA1F234A5500F0C013 /* GoogleService-Info.plist */ = {isa = PBXFileReference; fileEncoding = 4; lastKnownFileType = text.plist.xml; path = "GoogleService-Info.plist"; sourceTree = "<group>"; };
		26AC34571F38CE4900249554 /* OurWorkFile.swift */ = {isa = PBXFileReference; fileEncoding = 4; lastKnownFileType = sourcecode.swift; path = OurWorkFile.swift; sourceTree = "<group>"; };
		26AC345A1F38D2F000249554 /* Constants.swift */ = {isa = PBXFileReference; fileEncoding = 4; lastKnownFileType = sourcecode.swift; path = Constants.swift; sourceTree = "<group>"; };
		26C623761F349A9C007C9427 /* TestLogo#1.png */ = {isa = PBXFileReference; lastKnownFileType = image.png; path = "TestLogo#1.png"; sourceTree = "<group>"; };
		26C623771F349A9C007C9427 /* TestMap.png */ = {isa = PBXFileReference; lastKnownFileType = image.png; path = TestMap.png; sourceTree = "<group>"; };
		26C6237A1F34AB88007C9427 /* OurHistoryVC.swift */ = {isa = PBXFileReference; fileEncoding = 4; lastKnownFileType = sourcecode.swift; path = OurHistoryVC.swift; sourceTree = "<group>"; };
		26C6237C1F34ACA1007C9427 /* OurVisionVC.swift */ = {isa = PBXFileReference; fileEncoding = 4; lastKnownFileType = sourcecode.swift; path = OurVisionVC.swift; sourceTree = "<group>"; };
		26C6237E1F34AD3A007C9427 /* OurPartnersCollectionVC.swift */ = {isa = PBXFileReference; fileEncoding = 4; lastKnownFileType = sourcecode.swift; path = OurPartnersCollectionVC.swift; sourceTree = "<group>"; };
		26C623861F34BEC7007C9427 /* OurPartnersCell.swift */ = {isa = PBXFileReference; fileEncoding = 4; lastKnownFileType = sourcecode.swift; path = OurPartnersCell.swift; sourceTree = "<group>"; };
		26CD76681F33577100ECE530 /* ContactVC.swift */ = {isa = PBXFileReference; fileEncoding = 4; lastKnownFileType = sourcecode.swift; path = ContactVC.swift; sourceTree = "<group>"; };
		26CD766A1F3357F500ECE530 /* SendQuestionVC.swift */ = {isa = PBXFileReference; fileEncoding = 4; lastKnownFileType = sourcecode.swift; path = SendQuestionVC.swift; sourceTree = "<group>"; };
		26FB7BFE1F31F7E1001BE22C /* CompanyApp.entitlements */ = {isa = PBXFileReference; lastKnownFileType = text.plist.entitlements; path = CompanyApp.entitlements; sourceTree = "<group>"; };
		4277EFB938D924536BEAC5B6 /* Pods-CompanyApp.debug.xcconfig */ = {isa = PBXFileReference; includeInIndex = 1; lastKnownFileType = text.xcconfig; name = "Pods-CompanyApp.debug.xcconfig"; path = "Pods/Target Support Files/Pods-CompanyApp/Pods-CompanyApp.debug.xcconfig"; sourceTree = "<group>"; };
		9C953CEC4AE70D8F970D70E1 /* Pods-CompanyApp.release.xcconfig */ = {isa = PBXFileReference; includeInIndex = 1; lastKnownFileType = text.xcconfig; name = "Pods-CompanyApp.release.xcconfig"; path = "Pods/Target Support Files/Pods-CompanyApp/Pods-CompanyApp.release.xcconfig"; sourceTree = "<group>"; };
/* End PBXFileReference section */

/* Begin PBXFrameworksBuildPhase section */
		261E396E1F2337B3005DAC6F /* Frameworks */ = {
			isa = PBXFrameworksBuildPhase;
			buildActionMask = 2147483647;
			files = (
				6EBC0B5DA0DCB4558813BD97 /* Pods_CompanyApp.framework in Frameworks */,
			);
			runOnlyForDeploymentPostprocessing = 0;
		};
/* End PBXFrameworksBuildPhase section */

/* Begin PBXGroup section */
		261E39681F2337B3005DAC6F = {
			isa = PBXGroup;
			children = (
				261E39731F2337B3005DAC6F /* CompanyApp */,
				261E39721F2337B3005DAC6F /* Products */,
				B43B14387B1D7FA742DE2DEC /* Pods */,
				5851E46FE55C8B348C234E22 /* Frameworks */,
			);
			sourceTree = "<group>";
		};
		261E39721F2337B3005DAC6F /* Products */ = {
			isa = PBXGroup;
			children = (
				261E39711F2337B3005DAC6F /* CompanyApp.app */,
			);
			name = Products;
			sourceTree = "<group>";
		};
		261E39731F2337B3005DAC6F /* CompanyApp */ = {
			isa = PBXGroup;
			children = (
				26FB7BFE1F31F7E1001BE22C /* CompanyApp.entitlements */,
				261E39871F2337F5005DAC6F /* Model */,
				261E39861F2337EB005DAC6F /* View */,
				265048CE1F236B4D008F47D5 /* Controller */,
				261E39741F2337B3005DAC6F /* AppDelegate.swift */,
				261E39781F2337B3005DAC6F /* Main.storyboard */,
				261E397B1F2337B3005DAC6F /* Assets.xcassets */,
				261E397D1F2337B3005DAC6F /* LaunchScreen.storyboard */,
				261E39881F2337FE005DAC6F /* Resaurces */,
				261E39801F2337B3005DAC6F /* Info.plist */,
				26767EAA1F234A5500F0C013 /* GoogleService-Info.plist */,
				26AC34591F38D2DD00249554 /* Utlilities */,
			);
			path = CompanyApp;
			sourceTree = "<group>";
		};
		261E39861F2337EB005DAC6F /* View */ = {
			isa = PBXGroup;
			children = (
				265048CF1F236B81008F47D5 /* AboutUsCell.swift */,
				26595DA71F25D19E0031A0BC /* NewsCell.swift */,
				26595DAF1F261C330031A0BC /* OurWorkCell.swift */,
				26C623861F34BEC7007C9427 /* OurPartnersCell.swift */,
			);
			name = View;
			sourceTree = "<group>";
		};
		261E39871F2337F5005DAC6F /* Model */ = {
			isa = PBXGroup;
			children = (
				26767EA81F23460400F0C013 /* CallUs.swift */,
				265048D31F236C1F008F47D5 /* AboutUsFile.swift */,
				26AC34571F38CE4900249554 /* OurWorkFile.swift */,
			);
			name = Model;
			sourceTree = "<group>";
		};
		261E39881F2337FE005DAC6F /* Resaurces */ = {
			isa = PBXGroup;
			children = (
				26C623761F349A9C007C9427 /* TestLogo#1.png */,
				26C623771F349A9C007C9427 /* TestMap.png */,
			);
			name = Resaurces;
			sourceTree = "<group>";
		};
		265048CE1F236B4D008F47D5 /* Controller */ = {
			isa = PBXGroup;
			children = (
				261E39761F2337B3005DAC6F /* MainVC.swift */,
				265048D11F236BCD008F47D5 /* AboutUsVC.swift */,
				265048D51F24CE0F008F47D5 /* AboutUsDetailsVC.swift */,
				26595DA91F25D1DB0031A0BC /* NewsTVC.swift */,
				26595DAB1F25D8E20031A0BC /* NewsDetailsVC.swift */,
				26595DAD1F2619DD0031A0BC /* OurWorkTVC.swift */,
				26595DB11F2628F40031A0BC /* OurWorkDetailsVC.swift */,
				26CD76681F33577100ECE530 /* ContactVC.swift */,
				26CD766A1F3357F500ECE530 /* SendQuestionVC.swift */,
				26C6237A1F34AB88007C9427 /* OurHistoryVC.swift */,
				26C6237C1F34ACA1007C9427 /* OurVisionVC.swift */,
				26C6237E1F34AD3A007C9427 /* OurPartnersCollectionVC.swift */,
			);
			name = Controller;
			sourceTree = "<group>";
		};
		26AC34591F38D2DD00249554 /* Utlilities */ = {
			isa = PBXGroup;
			children = (
				26AC345A1F38D2F000249554 /* Constants.swift */,
			);
			name = Utlilities;
			sourceTree = "<group>";
		};
		5851E46FE55C8B348C234E22 /* Frameworks */ = {
			isa = PBXGroup;
			children = (
				21D93E16905500D2AFF4EDD2 /* Pods_CompanyApp.framework */,
			);
			name = Frameworks;
			sourceTree = "<group>";
		};
		B43B14387B1D7FA742DE2DEC /* Pods */ = {
			isa = PBXGroup;
			children = (
				4277EFB938D924536BEAC5B6 /* Pods-CompanyApp.debug.xcconfig */,
				9C953CEC4AE70D8F970D70E1 /* Pods-CompanyApp.release.xcconfig */,
			);
			name = Pods;
			sourceTree = "<group>";
		};
/* End PBXGroup section */

/* Begin PBXNativeTarget section */
		261E39701F2337B3005DAC6F /* CompanyApp */ = {
			isa = PBXNativeTarget;
			buildConfigurationList = 261E39831F2337B3005DAC6F /* Build configuration list for PBXNativeTarget "CompanyApp" */;
			buildPhases = (
				0ACD758EA2A4BC19C45A6465 /* [CP] Check Pods Manifest.lock */,
				261E396D1F2337B3005DAC6F /* Sources */,
				261E396E1F2337B3005DAC6F /* Frameworks */,
				261E396F1F2337B3005DAC6F /* Resources */,
				E9873EA9FFD74F6406D8C77F /* [CP] Embed Pods Frameworks */,
				9364FD204211B2C08CD0F0EF /* [CP] Copy Pods Resources */,
			);
			buildRules = (
			);
			dependencies = (
			);
			name = CompanyApp;
			productName = CompanyApp;
			productReference = 261E39711F2337B3005DAC6F /* CompanyApp.app */;
			productType = "com.apple.product-type.application";
		};
/* End PBXNativeTarget section */

/* Begin PBXProject section */
		261E39691F2337B3005DAC6F /* Project object */ = {
			isa = PBXProject;
			attributes = {
				LastSwiftUpdateCheck = 0830;
				LastUpgradeCheck = 0830;
				ORGANIZATIONNAME = Hajora;
				TargetAttributes = {
					261E39701F2337B3005DAC6F = {
						CreatedOnToolsVersion = 8.3.3;
						DevelopmentTeam = JBKZ5A8R37;
						ProvisioningStyle = Automatic;
						SystemCapabilities = {
							com.apple.Push = {
								enabled = 1;
							};
						};
					};
				};
			};
			buildConfigurationList = 261E396C1F2337B3005DAC6F /* Build configuration list for PBXProject "CompanyApp" */;
			compatibilityVersion = "Xcode 3.2";
			developmentRegion = English;
			hasScannedForEncodings = 0;
			knownRegions = (
				en,
				Base,
			);
			mainGroup = 261E39681F2337B3005DAC6F;
			productRefGroup = 261E39721F2337B3005DAC6F /* Products */;
			projectDirPath = "";
			projectRoot = "";
			targets = (
				261E39701F2337B3005DAC6F /* CompanyApp */,
			);
		};
/* End PBXProject section */

/* Begin PBXResourcesBuildPhase section */
		261E396F1F2337B3005DAC6F /* Resources */ = {
			isa = PBXResourcesBuildPhase;
			buildActionMask = 2147483647;
			files = (
				26C623791F349A9C007C9427 /* TestMap.png in Resources */,
				261E397F1F2337B3005DAC6F /* LaunchScreen.storyboard in Resources */,
				26767EAB1F234A5500F0C013 /* GoogleService-Info.plist in Resources */,
				26C623781F349A9C007C9427 /* TestLogo#1.png in Resources */,
				261E397C1F2337B3005DAC6F /* Assets.xcassets in Resources */,
				261E397A1F2337B3005DAC6F /* Main.storyboard in Resources */,
			);
			runOnlyForDeploymentPostprocessing = 0;
		};
/* End PBXResourcesBuildPhase section */

/* Begin PBXShellScriptBuildPhase section */
		0ACD758EA2A4BC19C45A6465 /* [CP] Check Pods Manifest.lock */ = {
			isa = PBXShellScriptBuildPhase;
			buildActionMask = 2147483647;
			files = (
			);
			inputPaths = (
			);
			name = "[CP] Check Pods Manifest.lock";
			outputPaths = (
			);
			runOnlyForDeploymentPostprocessing = 0;
			shellPath = /bin/sh;
			shellScript = "diff \"${PODS_PODFILE_DIR_PATH}/Podfile.lock\" \"${PODS_ROOT}/Manifest.lock\" > /dev/null\nif [ $? != 0 ] ; then\n    # print error to STDERR\n    echo \"error: The sandbox is not in sync with the Podfile.lock. Run 'pod install' or update your CocoaPods installation.\" >&2\n    exit 1\nfi\n";
			showEnvVarsInLog = 0;
		};
		9364FD204211B2C08CD0F0EF /* [CP] Copy Pods Resources */ = {
			isa = PBXShellScriptBuildPhase;
			buildActionMask = 2147483647;
			files = (
			);
			inputPaths = (
			);
			name = "[CP] Copy Pods Resources";
			outputPaths = (
			);
			runOnlyForDeploymentPostprocessing = 0;
			shellPath = /bin/sh;
			shellScript = "\"${SRCROOT}/Pods/Target Support Files/Pods-CompanyApp/Pods-CompanyApp-resources.sh\"\n";
			showEnvVarsInLog = 0;
		};
		E9873EA9FFD74F6406D8C77F /* [CP] Embed Pods Frameworks */ = {
			isa = PBXShellScriptBuildPhase;
			buildActionMask = 2147483647;
			files = (
			);
			inputPaths = (
			);
			name = "[CP] Embed Pods Frameworks";
			outputPaths = (
			);
			runOnlyForDeploymentPostprocessing = 0;
			shellPath = /bin/sh;
			shellScript = "\"${SRCROOT}/Pods/Target Support Files/Pods-CompanyApp/Pods-CompanyApp-frameworks.sh\"\n";
			showEnvVarsInLog = 0;
		};
/* End PBXShellScriptBuildPhase section */

/* Begin PBXSourcesBuildPhase section */
		261E396D1F2337B3005DAC6F /* Sources */ = {
			isa = PBXSourcesBuildPhase;
			buildActionMask = 2147483647;
			files = (
				26595DB21F2628F40031A0BC /* OurWorkDetailsVC.swift in Sources */,
				261E39771F2337B3005DAC6F /* MainVC.swift in Sources */,
				26595DAA1F25D1DB0031A0BC /* NewsTVC.swift in Sources */,
				26CD766B1F3357F500ECE530 /* SendQuestionVC.swift in Sources */,
				265048D21F236BCD008F47D5 /* AboutUsVC.swift in Sources */,
				26595DAE1F2619DD0031A0BC /* OurWorkTVC.swift in Sources */,
				26C6237F1F34AD3A007C9427 /* OurPartnersCollectionVC.swift in Sources */,
				26CD76691F33577100ECE530 /* ContactVC.swift in Sources */,
				261E39751F2337B3005DAC6F /* AppDelegate.swift in Sources */,
				26595DB01F261C330031A0BC /* OurWorkCell.swift in Sources */,
				265048D41F236C1F008F47D5 /* AboutUsFile.swift in Sources */,
				26AC345B1F38D2F000249554 /* Constants.swift in Sources */,
				26767EA91F23460400F0C013 /* CallUs.swift in Sources */,
				265048D01F236B81008F47D5 /* AboutUsCell.swift in Sources */,
				26595DA81F25D19E0031A0BC /* NewsCell.swift in Sources */,
				26595DAC1F25D8E20031A0BC /* NewsDetailsVC.swift in Sources */,
				26AC34581F38CE4900249554 /* OurWorkFile.swift in Sources */,
				26C623871F34BEC7007C9427 /* OurPartnersCell.swift in Sources */,
				26C6237B1F34AB88007C9427 /* OurHistoryVC.swift in Sources */,
				265048D61F24CE0F008F47D5 /* AboutUsDetailsVC.swift in Sources */,
				26C6237D1F34ACA1007C9427 /* OurVisionVC.swift in Sources */,
			);
			runOnlyForDeploymentPostprocessing = 0;
		};
/* End PBXSourcesBuildPhase section */

/* Begin PBXVariantGroup section */
		261E39781F2337B3005DAC6F /* Main.storyboard */ = {
			isa = PBXVariantGroup;
			children = (
				261E39791F2337B3005DAC6F /* Base */,
			);
			name = Main.storyboard;
			sourceTree = "<group>";
		};
		261E397D1F2337B3005DAC6F /* LaunchScreen.storyboard */ = {
			isa = PBXVariantGroup;
			children = (
				261E397E1F2337B3005DAC6F /* Base */,
			);
			name = LaunchScreen.storyboard;
			sourceTree = "<group>";
		};
/* End PBXVariantGroup section */

/* Begin XCBuildConfiguration section */
		261E39811F2337B3005DAC6F /* Debug */ = {
			isa = XCBuildConfiguration;
			buildSettings = {
				ALWAYS_SEARCH_USER_PATHS = NO;
				CLANG_ANALYZER_NONNULL = YES;
				CLANG_ANALYZER_NUMBER_OBJECT_CONVERSION = YES_AGGRESSIVE;
				CLANG_CXX_LANGUAGE_STANDARD = "gnu++0x";
				CLANG_CXX_LIBRARY = "libc++";
				CLANG_ENABLE_MODULES = YES;
				CLANG_ENABLE_OBJC_ARC = YES;
				CLANG_WARN_BOOL_CONVERSION = YES;
				CLANG_WARN_CONSTANT_CONVERSION = YES;
				CLANG_WARN_DIRECT_OBJC_ISA_USAGE = YES_ERROR;
				CLANG_WARN_DOCUMENTATION_COMMENTS = YES;
				CLANG_WARN_EMPTY_BODY = YES;
				CLANG_WARN_ENUM_CONVERSION = YES;
				CLANG_WARN_INFINITE_RECURSION = YES;
				CLANG_WARN_INT_CONVERSION = YES;
				CLANG_WARN_OBJC_ROOT_CLASS = YES_ERROR;
				CLANG_WARN_SUSPICIOUS_MOVE = YES;
				CLANG_WARN_UNREACHABLE_CODE = YES;
				CLANG_WARN__DUPLICATE_METHOD_MATCH = YES;
				"CODE_SIGN_IDENTITY[sdk=iphoneos*]" = "iPhone Developer";
				COPY_PHASE_STRIP = NO;
				DEBUG_INFORMATION_FORMAT = dwarf;
				ENABLE_STRICT_OBJC_MSGSEND = YES;
				ENABLE_TESTABILITY = YES;
				GCC_C_LANGUAGE_STANDARD = gnu99;
				GCC_DYNAMIC_NO_PIC = NO;
				GCC_NO_COMMON_BLOCKS = YES;
				GCC_OPTIMIZATION_LEVEL = 0;
				GCC_PREPROCESSOR_DEFINITIONS = (
					"DEBUG=1",
					"$(inherited)",
				);
				GCC_WARN_64_TO_32_BIT_CONVERSION = YES;
				GCC_WARN_ABOUT_RETURN_TYPE = YES_ERROR;
				GCC_WARN_UNDECLARED_SELECTOR = YES;
				GCC_WARN_UNINITIALIZED_AUTOS = YES_AGGRESSIVE;
				GCC_WARN_UNUSED_FUNCTION = YES;
				GCC_WARN_UNUSED_VARIABLE = YES;
				IPHONEOS_DEPLOYMENT_TARGET = 10.3;
				MTL_ENABLE_DEBUG_INFO = YES;
				ONLY_ACTIVE_ARCH = YES;
				SDKROOT = iphoneos;
				SWIFT_ACTIVE_COMPILATION_CONDITIONS = DEBUG;
				SWIFT_OPTIMIZATION_LEVEL = "-Onone";
				TARGETED_DEVICE_FAMILY = "1,2";
			};
			name = Debug;
		};
		261E39821F2337B3005DAC6F /* Release */ = {
			isa = XCBuildConfiguration;
			buildSettings = {
				ALWAYS_SEARCH_USER_PATHS = NO;
				CLANG_ANALYZER_NONNULL = YES;
				CLANG_ANALYZER_NUMBER_OBJECT_CONVERSION = YES_AGGRESSIVE;
				CLANG_CXX_LANGUAGE_STANDARD = "gnu++0x";
				CLANG_CXX_LIBRARY = "libc++";
				CLANG_ENABLE_MODULES = YES;
				CLANG_ENABLE_OBJC_ARC = YES;
				CLANG_WARN_BOOL_CONVERSION = YES;
				CLANG_WARN_CONSTANT_CONVERSION = YES;
				CLANG_WARN_DIRECT_OBJC_ISA_USAGE = YES_ERROR;
				CLANG_WARN_DOCUMENTATION_COMMENTS = YES;
				CLANG_WARN_EMPTY_BODY = YES;
				CLANG_WARN_ENUM_CONVERSION = YES;
				CLANG_WARN_INFINITE_RECURSION = YES;
				CLANG_WARN_INT_CONVERSION = YES;
				CLANG_WARN_OBJC_ROOT_CLASS = YES_ERROR;
				CLANG_WARN_SUSPICIOUS_MOVE = YES;
				CLANG_WARN_UNREACHABLE_CODE = YES;
				CLANG_WARN__DUPLICATE_METHOD_MATCH = YES;
				"CODE_SIGN_IDENTITY[sdk=iphoneos*]" = "iPhone Developer";
				COPY_PHASE_STRIP = NO;
				DEBUG_INFORMATION_FORMAT = "dwarf-with-dsym";
				ENABLE_NS_ASSERTIONS = NO;
				ENABLE_STRICT_OBJC_MSGSEND = YES;
				GCC_C_LANGUAGE_STANDARD = gnu99;
				GCC_NO_COMMON_BLOCKS = YES;
				GCC_WARN_64_TO_32_BIT_CONVERSION = YES;
				GCC_WARN_ABOUT_RETURN_TYPE = YES_ERROR;
				GCC_WARN_UNDECLARED_SELECTOR = YES;
				GCC_WARN_UNINITIALIZED_AUTOS = YES_AGGRESSIVE;
				GCC_WARN_UNUSED_FUNCTION = YES;
				GCC_WARN_UNUSED_VARIABLE = YES;
				IPHONEOS_DEPLOYMENT_TARGET = 10.3;
				MTL_ENABLE_DEBUG_INFO = NO;
				SDKROOT = iphoneos;
				SWIFT_OPTIMIZATION_LEVEL = "-Owholemodule";
				TARGETED_DEVICE_FAMILY = "1,2";
				VALIDATE_PRODUCT = YES;
			};
			name = Release;
		};
		261E39841F2337B3005DAC6F /* Debug */ = {
			isa = XCBuildConfiguration;
			baseConfigurationReference = 4277EFB938D924536BEAC5B6 /* Pods-CompanyApp.debug.xcconfig */;
			buildSettings = {
				ASSETCATALOG_COMPILER_APPICON_NAME = AppIcon;
				CODE_SIGN_ENTITLEMENTS = CompanyApp/CompanyApp.entitlements;
				DEVELOPMENT_TEAM = JBKZ5A8R37;
				INFOPLIST_FILE = CompanyApp/Info.plist;
				IPHONEOS_DEPLOYMENT_TARGET = 9.0;
				LD_RUNPATH_SEARCH_PATHS = "$(inherited) @executable_path/Frameworks";
				PRODUCT_BUNDLE_IDENTIFIER = com.hajora.CompanyApp;
				PRODUCT_NAME = "$(TARGET_NAME)";
				SWIFT_VERSION = 3.0;
			};
			name = Debug;
		};
		261E39851F2337B3005DAC6F /* Release */ = {
			isa = XCBuildConfiguration;
			baseConfigurationReference = 9C953CEC4AE70D8F970D70E1 /* Pods-CompanyApp.release.xcconfig */;
			buildSettings = {
				ASSETCATALOG_COMPILER_APPICON_NAME = AppIcon;
				CODE_SIGN_ENTITLEMENTS = CompanyApp/CompanyApp.entitlements;
				DEVELOPMENT_TEAM = JBKZ5A8R37;
				INFOPLIST_FILE = CompanyApp/Info.plist;
				IPHONEOS_DEPLOYMENT_TARGET = 9.0;
				LD_RUNPATH_SEARCH_PATHS = "$(inherited) @executable_path/Frameworks";
				PRODUCT_BUNDLE_IDENTIFIER = com.hajora.CompanyApp;
				PRODUCT_NAME = "$(TARGET_NAME)";
				SWIFT_VERSION = 3.0;
			};
			name = Release;
		};
/* End XCBuildConfiguration section */

/* Begin XCConfigurationList section */
		261E396C1F2337B3005DAC6F /* Build configuration list for PBXProject "CompanyApp" */ = {
			isa = XCConfigurationList;
			buildConfigurations = (
				261E39811F2337B3005DAC6F /* Debug */,
				261E39821F2337B3005DAC6F /* Release */,
			);
			defaultConfigurationIsVisible = 0;
			defaultConfigurationName = Release;
		};
		261E39831F2337B3005DAC6F /* Build configuration list for PBXNativeTarget "CompanyApp" */ = {
			isa = XCConfigurationList;
			buildConfigurations = (
				261E39841F2337B3005DAC6F /* Debug */,
				261E39851F2337B3005DAC6F /* Release */,
			);
			defaultConfigurationIsVisible = 0;
			defaultConfigurationName = Release;
		};
/* End XCConfigurationList section */
	};
	rootObject = 261E39691F2337B3005DAC6F /* Project object */;
}
